// !$*UTF8*$!
{
	archiveVersion = 1;
	classes = {
	};
	objectVersion = 56;
	objects = {

/* Begin PBXBuildFile section */
		C9501A742C8DFC4000522B04 /* Bible_Verse_PickerApp.swift in Sources */ = {isa = PBXBuildFile; fileRef = C9501A732C8DFC4000522B04 /* Bible_Verse_PickerApp.swift */; };
		C9501A762C8DFC4000522B04 /* ContentView.swift in Sources */ = {isa = PBXBuildFile; fileRef = C9501A752C8DFC4000522B04 /* ContentView.swift */; };
		C9501A782C8DFC4100522B04 /* Assets.xcassets in Resources */ = {isa = PBXBuildFile; fileRef = C9501A772C8DFC4100522B04 /* Assets.xcassets */; };
		C9501A7C2C8DFC4100522B04 /* Preview Assets.xcassets in Resources */ = {isa = PBXBuildFile; fileRef = C9501A7B2C8DFC4100522B04 /* Preview Assets.xcassets */; };
		C9501A862C8DFC4200522B04 /* Bible_Verse_PickerTests.swift in Sources */ = {isa = PBXBuildFile; fileRef = C9501A852C8DFC4200522B04 /* Bible_Verse_PickerTests.swift */; };
		C9501A902C8DFC4200522B04 /* Bible_Verse_PickerUITests.swift in Sources */ = {isa = PBXBuildFile; fileRef = C9501A8F2C8DFC4200522B04 /* Bible_Verse_PickerUITests.swift */; };
		C9501A922C8DFC4200522B04 /* Bible_Verse_PickerUITestsLaunchTests.swift in Sources */ = {isa = PBXBuildFile; fileRef = C9501A912C8DFC4200522B04 /* Bible_Verse_PickerUITestsLaunchTests.swift */; };
/* End PBXBuildFile section */

/* Begin PBXContainerItemProxy section */
		C9501A822C8DFC4200522B04 /* PBXContainerItemProxy */ = {
			isa = PBXContainerItemProxy;
			containerPortal = C9501A682C8DFC4000522B04 /* Project object */;
			proxyType = 1;
			remoteGlobalIDString = C9501A6F2C8DFC4000522B04;
			remoteInfo = "Bible Verse Picker";
		};
		C9501A8C2C8DFC4200522B04 /* PBXContainerItemProxy */ = {
			isa = PBXContainerItemProxy;
			containerPortal = C9501A682C8DFC4000522B04 /* Project object */;
			proxyType = 1;
			remoteGlobalIDString = C9501A6F2C8DFC4000522B04;
			remoteInfo = "Bible Verse Picker";
		};
/* End PBXContainerItemProxy section */

/* Begin PBXFileReference section */
		C9501A702C8DFC4000522B04 /* Bible Verse Picker.app */ = {isa = PBXFileReference; explicitFileType = wrapper.application; includeInIndex = 0; path = "Bible Verse Picker.app"; sourceTree = BUILT_PRODUCTS_DIR; };
		C9501A732C8DFC4000522B04 /* Bible_Verse_PickerApp.swift */ = {isa = PBXFileReference; lastKnownFileType = sourcecode.swift; path = Bible_Verse_PickerApp.swift; sourceTree = "<group>"; };
		C9501A752C8DFC4000522B04 /* ContentView.swift */ = {isa = PBXFileReference; lastKnownFileType = sourcecode.swift; path = ContentView.swift; sourceTree = "<group>"; };
		C9501A772C8DFC4100522B04 /* Assets.xcassets */ = {isa = PBXFileReference; lastKnownFileType = folder.assetcatalog; path = Assets.xcassets; sourceTree = "<group>"; };
		C9501A792C8DFC4100522B04 /* Bible_Verse_Picker.entitlements */ = {isa = PBXFileReference; lastKnownFileType = text.plist.entitlements; path = Bible_Verse_Picker.entitlements; sourceTree = "<group>"; };
		C9501A7B2C8DFC4100522B04 /* Preview Assets.xcassets */ = {isa = PBXFileReference; lastKnownFileType = folder.assetcatalog; path = "Preview Assets.xcassets"; sourceTree = "<group>"; };
		C9501A812C8DFC4200522B04 /* Bible Verse PickerTests.xctest */ = {isa = PBXFileReference; explicitFileType = wrapper.cfbundle; includeInIndex = 0; path = "Bible Verse PickerTests.xctest"; sourceTree = BUILT_PRODUCTS_DIR; };
		C9501A852C8DFC4200522B04 /* Bible_Verse_PickerTests.swift */ = {isa = PBXFileReference; lastKnownFileType = sourcecode.swift; path = Bible_Verse_PickerTests.swift; sourceTree = "<group>"; };
		C9501A8B2C8DFC4200522B04 /* Bible Verse PickerUITests.xctest */ = {isa = PBXFileReference; explicitFileType = wrapper.cfbundle; includeInIndex = 0; path = "Bible Verse PickerUITests.xctest"; sourceTree = BUILT_PRODUCTS_DIR; };
		C9501A8F2C8DFC4200522B04 /* Bible_Verse_PickerUITests.swift */ = {isa = PBXFileReference; lastKnownFileType = sourcecode.swift; path = Bible_Verse_PickerUITests.swift; sourceTree = "<group>"; };
		C9501A912C8DFC4200522B04 /* Bible_Verse_PickerUITestsLaunchTests.swift */ = {isa = PBXFileReference; lastKnownFileType = sourcecode.swift; path = Bible_Verse_PickerUITestsLaunchTests.swift; sourceTree = "<group>"; };
/* End PBXFileReference section */

/* Begin PBXFrameworksBuildPhase section */
		C9501A6D2C8DFC4000522B04 /* Frameworks */ = {
			isa = PBXFrameworksBuildPhase;
			buildActionMask = 2147483647;
			files = (
			);
			runOnlyForDeploymentPostprocessing = 0;
		};
		C9501A7E2C8DFC4200522B04 /* Frameworks */ = {
			isa = PBXFrameworksBuildPhase;
			buildActionMask = 2147483647;
			files = (
			);
			runOnlyForDeploymentPostprocessing = 0;
		};
		C9501A882C8DFC4200522B04 /* Frameworks */ = {
			isa = PBXFrameworksBuildPhase;
			buildActionMask = 2147483647;
			files = (
			);
			runOnlyForDeploymentPostprocessing = 0;
		};
/* End PBXFrameworksBuildPhase section */

/* Begin PBXGroup section */
		C9501A672C8DFC4000522B04 = {
			isa = PBXGroup;
			children = (
				C9501A722C8DFC4000522B04 /* Bible Verse Picker */,
				C9501A842C8DFC4200522B04 /* Bible Verse PickerTests */,
				C9501A8E2C8DFC4200522B04 /* Bible Verse PickerUITests */,
				C9501A712C8DFC4000522B04 /* Products */,
			);
			sourceTree = "<group>";
		};
		C9501A712C8DFC4000522B04 /* Products */ = {
			isa = PBXGroup;
			children = (
				C9501A702C8DFC4000522B04 /* Bible Verse Picker.app */,
				C9501A812C8DFC4200522B04 /* Bible Verse PickerTests.xctest */,
				C9501A8B2C8DFC4200522B04 /* Bible Verse PickerUITests.xctest */,
			);
			name = Products;
			sourceTree = "<group>";
		};
		C9501A722C8DFC4000522B04 /* Bible Verse Picker */ = {
			isa = PBXGroup;
			children = (
				C9501A732C8DFC4000522B04 /* Bible_Verse_PickerApp.swift */,
				C9501A752C8DFC4000522B04 /* ContentView.swift */,
				C9501A772C8DFC4100522B04 /* Assets.xcassets */,
				C9501A792C8DFC4100522B04 /* Bible_Verse_Picker.entitlements */,
				C9501A7A2C8DFC4100522B04 /* Preview Content */,
			);
			path = "Bible Verse Picker";
			sourceTree = "<group>";
		};
		C9501A7A2C8DFC4100522B04 /* Preview Content */ = {
			isa = PBXGroup;
			children = (
				C9501A7B2C8DFC4100522B04 /* Preview Assets.xcassets */,
			);
			path = "Preview Content";
			sourceTree = "<group>";
		};
		C9501A842C8DFC4200522B04 /* Bible Verse PickerTests */ = {
			isa = PBXGroup;
			children = (
				C9501A852C8DFC4200522B04 /* Bible_Verse_PickerTests.swift */,
			);
			path = "Bible Verse PickerTests";
			sourceTree = "<group>";
		};
		C9501A8E2C8DFC4200522B04 /* Bible Verse PickerUITests */ = {
			isa = PBXGroup;
			children = (
				C9501A8F2C8DFC4200522B04 /* Bible_Verse_PickerUITests.swift */,
				C9501A912C8DFC4200522B04 /* Bible_Verse_PickerUITestsLaunchTests.swift */,
			);
			path = "Bible Verse PickerUITests";
			sourceTree = "<group>";
		};
/* End PBXGroup section */

/* Begin PBXNativeTarget section */
		C9501A6F2C8DFC4000522B04 /* Bible Verse Picker */ = {
			isa = PBXNativeTarget;
			buildConfigurationList = C9501A952C8DFC4200522B04 /* Build configuration list for PBXNativeTarget "Bible Verse Picker" */;
			buildPhases = (
				C9501A6C2C8DFC4000522B04 /* Sources */,
				C9501A6D2C8DFC4000522B04 /* Frameworks */,
				C9501A6E2C8DFC4000522B04 /* Resources */,
			);
			buildRules = (
			);
			dependencies = (
			);
			name = "Bible Verse Picker";
			productName = "Bible Verse Picker";
			productReference = C9501A702C8DFC4000522B04 /* Bible Verse Picker.app */;
			productType = "com.apple.product-type.application";
		};
		C9501A802C8DFC4200522B04 /* Bible Verse PickerTests */ = {
			isa = PBXNativeTarget;
			buildConfigurationList = C9501A982C8DFC4200522B04 /* Build configuration list for PBXNativeTarget "Bible Verse PickerTests" */;
			buildPhases = (
				C9501A7D2C8DFC4200522B04 /* Sources */,
				C9501A7E2C8DFC4200522B04 /* Frameworks */,
				C9501A7F2C8DFC4200522B04 /* Resources */,
			);
			buildRules = (
			);
			dependencies = (
				C9501A832C8DFC4200522B04 /* PBXTargetDependency */,
			);
			name = "Bible Verse PickerTests";
			productName = "Bible Verse PickerTests";
			productReference = C9501A812C8DFC4200522B04 /* Bible Verse PickerTests.xctest */;
			productType = "com.apple.product-type.bundle.unit-test";
		};
		C9501A8A2C8DFC4200522B04 /* Bible Verse PickerUITests */ = {
			isa = PBXNativeTarget;
			buildConfigurationList = C9501A9B2C8DFC4200522B04 /* Build configuration list for PBXNativeTarget "Bible Verse PickerUITests" */;
			buildPhases = (
				C9501A872C8DFC4200522B04 /* Sources */,
				C9501A882C8DFC4200522B04 /* Frameworks */,
				C9501A892C8DFC4200522B04 /* Resources */,
			);
			buildRules = (
			);
			dependencies = (
				C9501A8D2C8DFC4200522B04 /* PBXTargetDependency */,
			);
			name = "Bible Verse PickerUITests";
			productName = "Bible Verse PickerUITests";
			productReference = C9501A8B2C8DFC4200522B04 /* Bible Verse PickerUITests.xctest */;
			productType = "com.apple.product-type.bundle.ui-testing";
		};
/* End PBXNativeTarget section */

/* Begin PBXProject section */
		C9501A682C8DFC4000522B04 /* Project object */ = {
			isa = PBXProject;
			attributes = {
				BuildIndependentTargetsInParallel = 1;
				LastSwiftUpdateCheck = 1540;
				LastUpgradeCheck = 1540;
				TargetAttributes = {
					C9501A6F2C8DFC4000522B04 = {
						CreatedOnToolsVersion = 15.4;
					};
					C9501A802C8DFC4200522B04 = {
						CreatedOnToolsVersion = 15.4;
						TestTargetID = C9501A6F2C8DFC4000522B04;
					};
					C9501A8A2C8DFC4200522B04 = {
						CreatedOnToolsVersion = 15.4;
						TestTargetID = C9501A6F2C8DFC4000522B04;
					};
				};
			};
			buildConfigurationList = C9501A6B2C8DFC4000522B04 /* Build configuration list for PBXProject "Bible Verse Picker" */;
			compatibilityVersion = "Xcode 14.0";
			developmentRegion = en;
			hasScannedForEncodings = 0;
			knownRegions = (
				en,
				Base,
			);
			mainGroup = C9501A672C8DFC4000522B04;
			productRefGroup = C9501A712C8DFC4000522B04 /* Products */;
			projectDirPath = "";
			projectRoot = "";
			targets = (
				C9501A6F2C8DFC4000522B04 /* Bible Verse Picker */,
				C9501A802C8DFC4200522B04 /* Bible Verse PickerTests */,
				C9501A8A2C8DFC4200522B04 /* Bible Verse PickerUITests */,
			);
		};
/* End PBXProject section */

/* Begin PBXResourcesBuildPhase section */
		C9501A6E2C8DFC4000522B04 /* Resources */ = {
			isa = PBXResourcesBuildPhase;
			buildActionMask = 2147483647;
			files = (
				C9501A7C2C8DFC4100522B04 /* Preview Assets.xcassets in Resources */,
				C9501A782C8DFC4100522B04 /* Assets.xcassets in Resources */,
			);
			runOnlyForDeploymentPostprocessing = 0;
		};
		C9501A7F2C8DFC4200522B04 /* Resources */ = {
			isa = PBXResourcesBuildPhase;
			buildActionMask = 2147483647;
			files = (
			);
			runOnlyForDeploymentPostprocessing = 0;
		};
		C9501A892C8DFC4200522B04 /* Resources */ = {
			isa = PBXResourcesBuildPhase;
			buildActionMask = 2147483647;
			files = (
			);
			runOnlyForDeploymentPostprocessing = 0;
		};
/* End PBXResourcesBuildPhase section */

/* Begin PBXSourcesBuildPhase section */
		C9501A6C2C8DFC4000522B04 /* Sources */ = {
			isa = PBXSourcesBuildPhase;
			buildActionMask = 2147483647;
			files = (
				C9501A762C8DFC4000522B04 /* ContentView.swift in Sources */,
				C9501A742C8DFC4000522B04 /* Bible_Verse_PickerApp.swift in Sources */,
			);
			runOnlyForDeploymentPostprocessing = 0;
		};
		C9501A7D2C8DFC4200522B04 /* Sources */ = {
			isa = PBXSourcesBuildPhase;
			buildActionMask = 2147483647;
			files = (
				C9501A862C8DFC4200522B04 /* Bible_Verse_PickerTests.swift in Sources */,
			);
			runOnlyForDeploymentPostprocessing = 0;
		};
		C9501A872C8DFC4200522B04 /* Sources */ = {
			isa = PBXSourcesBuildPhase;
			buildActionMask = 2147483647;
			files = (
				C9501A902C8DFC4200522B04 /* Bible_Verse_PickerUITests.swift in Sources */,
				C9501A922C8DFC4200522B04 /* Bible_Verse_PickerUITestsLaunchTests.swift in Sources */,
			);
			runOnlyForDeploymentPostprocessing = 0;
		};
/* End PBXSourcesBuildPhase section */

/* Begin PBXTargetDependency section */
		C9501A832C8DFC4200522B04 /* PBXTargetDependency */ = {
			isa = PBXTargetDependency;
			target = C9501A6F2C8DFC4000522B04 /* Bible Verse Picker */;
			targetProxy = C9501A822C8DFC4200522B04 /* PBXContainerItemProxy */;
		};
		C9501A8D2C8DFC4200522B04 /* PBXTargetDependency */ = {
			isa = PBXTargetDependency;
			target = C9501A6F2C8DFC4000522B04 /* Bible Verse Picker */;
			targetProxy = C9501A8C2C8DFC4200522B04 /* PBXContainerItemProxy */;
		};
/* End PBXTargetDependency section */

/* Begin XCBuildConfiguration section */
		C9501A932C8DFC4200522B04 /* Debug */ = {
			isa = XCBuildConfiguration;
			buildSettings = {
				ALWAYS_SEARCH_USER_PATHS = NO;
				ASSETCATALOG_COMPILER_GENERATE_SWIFT_ASSET_SYMBOL_EXTENSIONS = YES;
				CLANG_ANALYZER_NONNULL = YES;
				CLANG_ANALYZER_NUMBER_OBJECT_CONVERSION = YES_AGGRESSIVE;
				CLANG_CXX_LANGUAGE_STANDARD = "gnu++20";
				CLANG_ENABLE_MODULES = YES;
				CLANG_ENABLE_OBJC_ARC = YES;
				CLANG_ENABLE_OBJC_WEAK = YES;
				CLANG_WARN_BLOCK_CAPTURE_AUTORELEASING = YES;
				CLANG_WARN_BOOL_CONVERSION = YES;
				CLANG_WARN_COMMA = YES;
				CLANG_WARN_CONSTANT_CONVERSION = YES;
				CLANG_WARN_DEPRECATED_OBJC_IMPLEMENTATIONS = YES;
				CLANG_WARN_DIRECT_OBJC_ISA_USAGE = YES_ERROR;
				CLANG_WARN_DOCUMENTATION_COMMENTS = YES;
				CLANG_WARN_EMPTY_BODY = YES;
				CLANG_WARN_ENUM_CONVERSION = YES;
				CLANG_WARN_INFINITE_RECURSION = YES;
				CLANG_WARN_INT_CONVERSION = YES;
				CLANG_WARN_NON_LITERAL_NULL_CONVERSION = YES;
				CLANG_WARN_OBJC_IMPLICIT_RETAIN_SELF = YES;
				CLANG_WARN_OBJC_LITERAL_CONVERSION = YES;
				CLANG_WARN_OBJC_ROOT_CLASS = YES_ERROR;
				CLANG_WARN_QUOTED_INCLUDE_IN_FRAMEWORK_HEADER = YES;
				CLANG_WARN_RANGE_LOOP_ANALYSIS = YES;
				CLANG_WARN_STRICT_PROTOTYPES = YES;
				CLANG_WARN_SUSPICIOUS_MOVE = YES;
				CLANG_WARN_UNGUARDED_AVAILABILITY = YES_AGGRESSIVE;
				CLANG_WARN_UNREACHABLE_CODE = YES;
				CLANG_WARN__DUPLICATE_METHOD_MATCH = YES;
				COPY_PHASE_STRIP = NO;
				DEBUG_INFORMATION_FORMAT = dwarf;
				ENABLE_STRICT_OBJC_MSGSEND = YES;
				ENABLE_TESTABILITY = YES;
				ENABLE_USER_SCRIPT_SANDBOXING = YES;
				GCC_C_LANGUAGE_STANDARD = gnu17;
				GCC_DYNAMIC_NO_PIC = NO;
				GCC_NO_COMMON_BLOCKS = YES;
				GCC_OPTIMIZATION_LEVEL = 0;
				GCC_PREPROCESSOR_DEFINITIONS = (
					"DEBUG=1",
					"$(inherited)",
				);
				GCC_WARN_64_TO_32_BIT_CONVERSION = YES;
				GCC_WARN_ABOUT_RETURN_TYPE = YES_ERROR;
				GCC_WARN_UNDECLARED_SELECTOR = YES;
				GCC_WARN_UNINITIALIZED_AUTOS = YES_AGGRESSIVE;
				GCC_WARN_UNUSED_FUNCTION = YES;
				GCC_WARN_UNUSED_VARIABLE = YES;
				LOCALIZATION_PREFERS_STRING_CATALOGS = YES;
				MTL_ENABLE_DEBUG_INFO = INCLUDE_SOURCE;
				MTL_FAST_MATH = YES;
				ONLY_ACTIVE_ARCH = YES;
				SWIFT_ACTIVE_COMPILATION_CONDITIONS = "DEBUG $(inherited)";
				SWIFT_OPTIMIZATION_LEVEL = "-Onone";
			};
			name = Debug;
		};
		C9501A942C8DFC4200522B04 /* Release */ = {
			isa = XCBuildConfiguration;
			buildSettings = {
				ALWAYS_SEARCH_USER_PATHS = NO;
				ASSETCATALOG_COMPILER_GENERATE_SWIFT_ASSET_SYMBOL_EXTENSIONS = YES;
				CLANG_ANALYZER_NONNULL = YES;
				CLANG_ANALYZER_NUMBER_OBJECT_CONVERSION = YES_AGGRESSIVE;
				CLANG_CXX_LANGUAGE_STANDARD = "gnu++20";
				CLANG_ENABLE_MODULES = YES;
				CLANG_ENABLE_OBJC_ARC = YES;
				CLANG_ENABLE_OBJC_WEAK = YES;
				CLANG_WARN_BLOCK_CAPTURE_AUTORELEASING = YES;
				CLANG_WARN_BOOL_CONVERSION = YES;
				CLANG_WARN_COMMA = YES;
				CLANG_WARN_CONSTANT_CONVERSION = YES;
				CLANG_WARN_DEPRECATED_OBJC_IMPLEMENTATIONS = YES;
				CLANG_WARN_DIRECT_OBJC_ISA_USAGE = YES_ERROR;
				CLANG_WARN_DOCUMENTATION_COMMENTS = YES;
				CLANG_WARN_EMPTY_BODY = YES;
				CLANG_WARN_ENUM_CONVERSION = YES;
				CLANG_WARN_INFINITE_RECURSION = YES;
				CLANG_WARN_INT_CONVERSION = YES;
				CLANG_WARN_NON_LITERAL_NULL_CONVERSION = YES;
				CLANG_WARN_OBJC_IMPLICIT_RETAIN_SELF = YES;
				CLANG_WARN_OBJC_LITERAL_CONVERSION = YES;
				CLANG_WARN_OBJC_ROOT_CLASS = YES_ERROR;
				CLANG_WARN_QUOTED_INCLUDE_IN_FRAMEWORK_HEADER = YES;
				CLANG_WARN_RANGE_LOOP_ANALYSIS = YES;
				CLANG_WARN_STRICT_PROTOTYPES = YES;
				CLANG_WARN_SUSPICIOUS_MOVE = YES;
				CLANG_WARN_UNGUARDED_AVAILABILITY = YES_AGGRESSIVE;
				CLANG_WARN_UNREACHABLE_CODE = YES;
				CLANG_WARN__DUPLICATE_METHOD_MATCH = YES;
				COPY_PHASE_STRIP = NO;
				DEBUG_INFORMATION_FORMAT = "dwarf-with-dsym";
				ENABLE_NS_ASSERTIONS = NO;
				ENABLE_STRICT_OBJC_MSGSEND = YES;
				ENABLE_USER_SCRIPT_SANDBOXING = YES;
				GCC_C_LANGUAGE_STANDARD = gnu17;
				GCC_NO_COMMON_BLOCKS = YES;
				GCC_WARN_64_TO_32_BIT_CONVERSION = YES;
				GCC_WARN_ABOUT_RETURN_TYPE = YES_ERROR;
				GCC_WARN_UNDECLARED_SELECTOR = YES;
				GCC_WARN_UNINITIALIZED_AUTOS = YES_AGGRESSIVE;
				GCC_WARN_UNUSED_FUNCTION = YES;
				GCC_WARN_UNUSED_VARIABLE = YES;
				LOCALIZATION_PREFERS_STRING_CATALOGS = YES;
				MTL_ENABLE_DEBUG_INFO = NO;
				MTL_FAST_MATH = YES;
				SWIFT_COMPILATION_MODE = wholemodule;
			};
			name = Release;
		};
		C9501A962C8DFC4200522B04 /* Debug */ = {
			isa = XCBuildConfiguration;
			buildSettings = {
				ASSETCATALOG_COMPILER_APPICON_NAME = AppIcon;
				ASSETCATALOG_COMPILER_GLOBAL_ACCENT_COLOR_NAME = AccentColor;
				CODE_SIGN_ENTITLEMENTS = "Bible Verse Picker/Bible_Verse_Picker.entitlements";
				CODE_SIGN_STYLE = Automatic;
				CURRENT_PROJECT_VERSION = 1;
				DEVELOPMENT_ASSET_PATHS = "\"Bible Verse Picker/Preview Content\"";
				DEVELOPMENT_TEAM = 47J6H2LHDD;
				ENABLE_HARDENED_RUNTIME = YES;
				ENABLE_PREVIEWS = YES;
				GENERATE_INFOPLIST_FILE = YES;
				"INFOPLIST_KEY_UIApplicationSceneManifest_Generation[sdk=iphoneos*]" = YES;
				"INFOPLIST_KEY_UIApplicationSceneManifest_Generation[sdk=iphonesimulator*]" = YES;
				"INFOPLIST_KEY_UIApplicationSupportsIndirectInputEvents[sdk=iphoneos*]" = YES;
				"INFOPLIST_KEY_UIApplicationSupportsIndirectInputEvents[sdk=iphonesimulator*]" = YES;
				"INFOPLIST_KEY_UILaunchScreen_Generation[sdk=iphoneos*]" = YES;
				"INFOPLIST_KEY_UILaunchScreen_Generation[sdk=iphonesimulator*]" = YES;
				"INFOPLIST_KEY_UIStatusBarStyle[sdk=iphoneos*]" = UIStatusBarStyleDefault;
				"INFOPLIST_KEY_UIStatusBarStyle[sdk=iphonesimulator*]" = UIStatusBarStyleDefault;
				INFOPLIST_KEY_UISupportedInterfaceOrientations_iPad = "UIInterfaceOrientationPortrait UIInterfaceOrientationPortraitUpsideDown UIInterfaceOrientationLandscapeLeft UIInterfaceOrientationLandscapeRight";
				INFOPLIST_KEY_UISupportedInterfaceOrientations_iPhone = "UIInterfaceOrientationPortrait UIInterfaceOrientationLandscapeLeft UIInterfaceOrientationLandscapeRight";
				IPHONEOS_DEPLOYMENT_TARGET = 17.0;
				LD_RUNPATH_SEARCH_PATHS = "@executable_path/Frameworks";
				"LD_RUNPATH_SEARCH_PATHS[sdk=macosx*]" = "@executable_path/../Frameworks";
				MACOSX_DEPLOYMENT_TARGET = 14.2;
				MARKETING_VERSION = 1.0;
				PRODUCT_BUNDLE_IDENTIFIER = "church.historicvernoname.Bible-Verse-Picker";
				PRODUCT_NAME = "$(TARGET_NAME)";
				SDKROOT = auto;
				SUPPORTED_PLATFORMS = "iphoneos iphonesimulator";
				SUPPORTS_MACCATALYST = NO;
				SUPPORTS_MAC_DESIGNED_FOR_IPHONE_IPAD = YES;
				SWIFT_EMIT_LOC_STRINGS = YES;
				SWIFT_VERSION = 5.0;
				TARGETED_DEVICE_FAMILY = "1,2";
			};
			name = Debug;
		};
		C9501A972C8DFC4200522B04 /* Release */ = {
			isa = XCBuildConfiguration;
			buildSettings = {
				ASSETCATALOG_COMPILER_APPICON_NAME = AppIcon;
				ASSETCATALOG_COMPILER_GLOBAL_ACCENT_COLOR_NAME = AccentColor;
				CODE_SIGN_ENTITLEMENTS = "Bible Verse Picker/Bible_Verse_Picker.entitlements";
				CODE_SIGN_STYLE = Automatic;
				CURRENT_PROJECT_VERSION = 1;
				DEVELOPMENT_ASSET_PATHS = "\"Bible Verse Picker/Preview Content\"";
				DEVELOPMENT_TEAM = 47J6H2LHDD;
				ENABLE_HARDENED_RUNTIME = YES;
				ENABLE_PREVIEWS = YES;
				GENERATE_INFOPLIST_FILE = YES;
				"INFOPLIST_KEY_UIApplicationSceneManifest_Generation[sdk=iphoneos*]" = YES;
				"INFOPLIST_KEY_UIApplicationSceneManifest_Generation[sdk=iphonesimulator*]" = YES;
				"INFOPLIST_KEY_UIApplicationSupportsIndirectInputEvents[sdk=iphoneos*]" = YES;
				"INFOPLIST_KEY_UIApplicationSupportsIndirectInputEvents[sdk=iphonesimulator*]" = YES;
				"INFOPLIST_KEY_UILaunchScreen_Generation[sdk=iphoneos*]" = YES;
				"INFOPLIST_KEY_UILaunchScreen_Generation[sdk=iphonesimulator*]" = YES;
				"INFOPLIST_KEY_UIStatusBarStyle[sdk=iphoneos*]" = UIStatusBarStyleDefault;
				"INFOPLIST_KEY_UIStatusBarStyle[sdk=iphonesimulator*]" = UIStatusBarStyleDefault;
				INFOPLIST_KEY_UISupportedInterfaceOrientations_iPad = "UIInterfaceOrientationPortrait UIInterfaceOrientationPortraitUpsideDown UIInterfaceOrientationLandscapeLeft UIInterfaceOrientationLandscapeRight";
				INFOPLIST_KEY_UISupportedInterfaceOrientations_iPhone = "UIInterfaceOrientationPortrait UIInterfaceOrientationLandscapeLeft UIInterfaceOrientationLandscapeRight";
				IPHONEOS_DEPLOYMENT_TARGET = 17.0;
				LD_RUNPATH_SEARCH_PATHS = "@executable_path/Frameworks";
				"LD_RUNPATH_SEARCH_PATHS[sdk=macosx*]" = "@executable_path/../Frameworks";
				MACOSX_DEPLOYMENT_TARGET = 14.2;
				MARKETING_VERSION = 1.0;
				PRODUCT_BUNDLE_IDENTIFIER = "church.historicvernoname.Bible-Verse-Picker";
				PRODUCT_NAME = "$(TARGET_NAME)";
				SDKROOT = auto;
				SUPPORTED_PLATFORMS = "iphoneos iphonesimulator";
				SUPPORTS_MACCATALYST = NO;
				SUPPORTS_MAC_DESIGNED_FOR_IPHONE_IPAD = YES;
				SWIFT_EMIT_LOC_STRINGS = YES;
				SWIFT_VERSION = 5.0;
				TARGETED_DEVICE_FAMILY = "1,2";
			};
			name = Release;
		};
		C9501A992C8DFC4200522B04 /* Debug */ = {
			isa = XCBuildConfiguration;
			buildSettings = {
				ALWAYS_EMBED_SWIFT_STANDARD_LIBRARIES = YES;
				BUNDLE_LOADER = "$(TEST_HOST)";
				CODE_SIGN_STYLE = Automatic;
				CURRENT_PROJECT_VERSION = 1;
				DEVELOPMENT_TEAM = 47J6H2LHDD;
				GENERATE_INFOPLIST_FILE = YES;
				IPHONEOS_DEPLOYMENT_TARGET = 17.5;
				MACOSX_DEPLOYMENT_TARGET = 14.2;
				MARKETING_VERSION = 1.0;
				PRODUCT_BUNDLE_IDENTIFIER = "church.historicvernoname.Bible-Verse-PickerTests";
				PRODUCT_NAME = "$(TARGET_NAME)";
				SDKROOT = auto;
				SUPPORTED_PLATFORMS = "iphoneos iphonesimulator macosx";
				SWIFT_EMIT_LOC_STRINGS = NO;
				SWIFT_VERSION = 5.0;
				TARGETED_DEVICE_FAMILY = "1,2";
				TEST_HOST = "$(BUILT_PRODUCTS_DIR)/Bible Verse Picker.app/$(BUNDLE_EXECUTABLE_FOLDER_PATH)/Bible Verse Picker";
			};
			name = Debug;
		};
		C9501A9A2C8DFC4200522B04 /* Release */ = {
			isa = XCBuildConfiguration;
			buildSettings = {
				ALWAYS_EMBED_SWIFT_STANDARD_LIBRARIES = YES;
				BUNDLE_LOADER = "$(TEST_HOST)";
				CODE_SIGN_STYLE = Automatic;
				CURRENT_PROJECT_VERSION = 1;
				DEVELOPMENT_TEAM = 47J6H2LHDD;
				GENERATE_INFOPLIST_FILE = YES;
				IPHONEOS_DEPLOYMENT_TARGET = 17.5;
				MACOSX_DEPLOYMENT_TARGET = 14.2;
				MARKETING_VERSION = 1.0;
				PRODUCT_BUNDLE_IDENTIFIER = "church.historicvernoname.Bible-Verse-PickerTests";
				PRODUCT_NAME = "$(TARGET_NAME)";
				SDKROOT = auto;
				SUPPORTED_PLATFORMS = "iphoneos iphonesimulator macosx";
				SWIFT_EMIT_LOC_STRINGS = NO;
				SWIFT_VERSION = 5.0;
				TARGETED_DEVICE_FAMILY = "1,2";
				TEST_HOST = "$(BUILT_PRODUCTS_DIR)/Bible Verse Picker.app/$(BUNDLE_EXECUTABLE_FOLDER_PATH)/Bible Verse Picker";
			};
			name = Release;
		};
		C9501A9C2C8DFC4200522B04 /* Debug */ = {
			isa = XCBuildConfiguration;
			buildSettings = {
				ALWAYS_EMBED_SWIFT_STANDARD_LIBRARIES = YES;
				CODE_SIGN_STYLE = Automatic;
				CURRENT_PROJECT_VERSION = 1;
				DEVELOPMENT_TEAM = 47J6H2LHDD;
				GENERATE_INFOPLIST_FILE = YES;
				IPHONEOS_DEPLOYMENT_TARGET = 17.5;
				MACOSX_DEPLOYMENT_TARGET = 14.2;
				MARKETING_VERSION = 1.0;
				PRODUCT_BUNDLE_IDENTIFIER = "church.historicvernoname.Bible-Verse-PickerUITests";
				PRODUCT_NAME = "$(TARGET_NAME)";
				SDKROOT = auto;
				SUPPORTED_PLATFORMS = "iphoneos iphonesimulator macosx";
				SWIFT_EMIT_LOC_STRINGS = NO;
				SWIFT_VERSION = 5.0;
				TARGETED_DEVICE_FAMILY = "1,2";
				TEST_TARGET_NAME = "Bible Verse Picker";
			};
			name = Debug;
		};
		C9501A9D2C8DFC4200522B04 /* Release */ = {
			isa = XCBuildConfiguration;
			buildSettings = {
				ALWAYS_EMBED_SWIFT_STANDARD_LIBRARIES = YES;
				CODE_SIGN_STYLE = Automatic;
				CURRENT_PROJECT_VERSION = 1;
				DEVELOPMENT_TEAM = 47J6H2LHDD;
				GENERATE_INFOPLIST_FILE = YES;
				IPHONEOS_DEPLOYMENT_TARGET = 17.5;
				MACOSX_DEPLOYMENT_TARGET = 14.2;
				MARKETING_VERSION = 1.0;
				PRODUCT_BUNDLE_IDENTIFIER = "church.historicvernoname.Bible-Verse-PickerUITests";
				PRODUCT_NAME = "$(TARGET_NAME)";
				SDKROOT = auto;
				SUPPORTED_PLATFORMS = "iphoneos iphonesimulator macosx";
				SWIFT_EMIT_LOC_STRINGS = NO;
				SWIFT_VERSION = 5.0;
				TARGETED_DEVICE_FAMILY = "1,2";
				TEST_TARGET_NAME = "Bible Verse Picker";
			};
			name = Release;
		};
/* End XCBuildConfiguration section */

/* Begin XCConfigurationList section */
		C9501A6B2C8DFC4000522B04 /* Build configuration list for PBXProject "Bible Verse Picker" */ = {
			isa = XCConfigurationList;
			buildConfigurations = (
				C9501A932C8DFC4200522B04 /* Debug */,
				C9501A942C8DFC4200522B04 /* Release */,
			);
			defaultConfigurationIsVisible = 0;
			defaultConfigurationName = Release;
		};
		C9501A952C8DFC4200522B04 /* Build configuration list for PBXNativeTarget "Bible Verse Picker" */ = {
			isa = XCConfigurationList;
			buildConfigurations = (
				C9501A962C8DFC4200522B04 /* Debug */,
				C9501A972C8DFC4200522B04 /* Release */,
			);
			defaultConfigurationIsVisible = 0;
			defaultConfigurationName = Release;
		};
		C9501A982C8DFC4200522B04 /* Build configuration list for PBXNativeTarget "Bible Verse PickerTests" */ = {
			isa = XCConfigurationList;
			buildConfigurations = (
				C9501A992C8DFC4200522B04 /* Debug */,
				C9501A9A2C8DFC4200522B04 /* Release */,
			);
			defaultConfigurationIsVisible = 0;
			defaultConfigurationName = Release;
		};
		C9501A9B2C8DFC4200522B04 /* Build configuration list for PBXNativeTarget "Bible Verse PickerUITests" */ = {
			isa = XCConfigurationList;
			buildConfigurations = (
				C9501A9C2C8DFC4200522B04 /* Debug */,
				C9501A9D2C8DFC4200522B04 /* Release */,
			);
			defaultConfigurationIsVisible = 0;
			defaultConfigurationName = Release;
		};
/* End XCConfigurationList section */
	};
	rootObject = C9501A682C8DFC4000522B04 /* Project object */;
}
